
Microsoft Visual Studio Solution File, Format Version 12.00
# Visual Studio Version 16
VisualStudioVersion = 16.0.30104.148
MinimumVisualStudioVersion = 10.0.40219.1
Project("{FAE04EC0-301F-11D3-BF4B-00C04F79EFBC}") = "atri-composite", "atri-composite\atri-composite.csproj", "{1B64071D-CEAA-439B-975C-C27364699998}"
EndProject
Global
	GlobalSection(SolutionConfigurationPlatforms) = preSolution
		Debug|Any CPU = Debug|Any CPU
		Release|Any CPU = Release|Any CPU
	EndGlobalSection
	GlobalSection(ProjectConfigurationPlatforms) = postSolution
		{1B64071D-CEAA-439B-975C-C27364699998}.Debug|Any CPU.ActiveCfg = Debug|Any CPU
		{1B64071D-CEAA-439B-975C-C27364699998}.Debug|Any CPU.Build.0 = Debug|Any CPU
		{1B64071D-CEAA-439B-975C-C27364699998}.Release|Any CPU.ActiveCfg = Release|Any CPU
		{1B64071D-CEAA-439B-975C-C27364699998}.Release|Any CPU.Build.0 = Release|Any CPU
	EndGlobalSection
	GlobalSection(SolutionProperties) = preSolution
		HideSolutionNode = FALSE
	EndGlobalSection
	GlobalSection(ExtensibilityGlobals) = postSolution
		SolutionGuid = {B8F5E19C-9755-4FB2-B825-041E66B8FB6B}
	EndGlobalSection
EndGlobal
